
Microsoft Visual Studio Solution File, Format Version 12.00
# Visual Studio Version 16
VisualStudioVersion = 16.0.30204.135
MinimumVisualStudioVersion = 10.0.40219.1
Project("{FAE04EC0-301F-11D3-BF4B-00C04F79EFBC}") = "Fordprog_Tokenizer", "Fordprog_Tokenizer.csproj", "{71E8EE12-4CA0-4F27-ADE1-7A2FE8BA1927}"
EndProject
Global
	GlobalSection(SolutionConfigurationPlatforms) = preSolution
		Debug|Any CPU = Debug|Any CPU
		Release|Any CPU = Release|Any CPU
	EndGlobalSection
	GlobalSection(ProjectConfigurationPlatforms) = postSolution
		{71E8EE12-4CA0-4F27-ADE1-7A2FE8BA1927}.Debug|Any CPU.ActiveCfg = Debug|Any CPU
		{71E8EE12-4CA0-4F27-ADE1-7A2FE8BA1927}.Debug|Any CPU.Build.0 = Debug|Any CPU
		{71E8EE12-4CA0-4F27-ADE1-7A2FE8BA1927}.Release|Any CPU.ActiveCfg = Release|Any CPU
		{71E8EE12-4CA0-4F27-ADE1-7A2FE8BA1927}.Release|Any CPU.Build.0 = Release|Any CPU
	EndGlobalSection
	GlobalSection(SolutionProperties) = preSolution
		HideSolutionNode = FALSE
	EndGlobalSection
	GlobalSection(ExtensibilityGlobals) = postSolution
		SolutionGuid = {B0AF29C5-AC74-4543-BBAA-E4994676AD97}
	EndGlobalSection
EndGlobal
